
Microsoft Visual Studio Solution File, Format Version 12.00
# Visual Studio Version 17
VisualStudioVersion = 17.4.33205.214
MinimumVisualStudioVersion = 10.0.40219.1
Project("{FAE04EC0-301F-11D3-BF4B-00C04F79EFBC}") = "ResponseCompression", "ResponseCompression\ResponseCompression.csproj", "{8F69283F-51A6-4947-B178-272EEC809C4C}"
EndProject
Global
	GlobalSection(SolutionConfigurationPlatforms) = preSolution
		Debug|Any CPU = Debug|Any CPU
		Release|Any CPU = Release|Any CPU
	EndGlobalSection
	GlobalSection(ProjectConfigurationPlatforms) = postSolution
		{8F69283F-51A6-4947-B178-272EEC809C4C}.Debug|Any CPU.ActiveCfg = Debug|Any CPU
		{8F69283F-51A6-4947-B178-272EEC809C4C}.Debug|Any CPU.Build.0 = Debug|Any CPU
		{8F69283F-51A6-4947-B178-272EEC809C4C}.Release|Any CPU.ActiveCfg = Release|Any CPU
		{8F69283F-51A6-4947-B178-272EEC809C4C}.Release|Any CPU.Build.0 = Release|Any CPU
	EndGlobalSection
	GlobalSection(SolutionProperties) = preSolution
		HideSolutionNode = FALSE
	EndGlobalSection
	GlobalSection(ExtensibilityGlobals) = postSolution
		SolutionGuid = {B1FEE9C7-3FCD-46A8-B065-0DAE6CDACCE0}
	EndGlobalSection
EndGlobal
